
Microsoft Visual Studio Solution File, Format Version 12.00
# Visual Studio Version 16
VisualStudioVersion = 16.0.30804.86
MinimumVisualStudioVersion = 10.0.40219.1
Project("{9A19103F-16F7-4668-BE54-9A1E7A4F7556}") = "Entities", "Entities\Entities.csproj", "{769F88AC-8572-484A-99D9-920F80090C9B}"
EndProject
Project("{9A19103F-16F7-4668-BE54-9A1E7A4F7556}") = "DataAccess", "DataAccess\DataAccess.csproj", "{AF923B6D-5E42-415F-8099-869163F59CB8}"
EndProject
Project("{9A19103F-16F7-4668-BE54-9A1E7A4F7556}") = "Business", "Business\Business.csproj", "{0038EB8F-20D5-4045-8D53-3202ECBC1B25}"
EndProject
Project("{9A19103F-16F7-4668-BE54-9A1E7A4F7556}") = "ConsoleUI", "ConsoleUI\ConsoleUI.csproj", "{4CEFDDDD-9544-45A2-B9DF-F9A9E4568EE7}"
EndProject
Project("{9A19103F-16F7-4668-BE54-9A1E7A4F7556}") = "Core", "Core\Core.csproj", "{6C4A8820-E1AF-4814-99A8-4B5C495EB2F8}"
EndProject
Project("{FAE04EC0-301F-11D3-BF4B-00C04F79EFBC}") = "WebAPI", "WebAPI\WebAPI.csproj", "{8AD0E548-49E2-4983-8FE8-C74F2417259B}"
EndProject
Global
	GlobalSection(SolutionConfigurationPlatforms) = preSolution
		Debug|Any CPU = Debug|Any CPU
		Release|Any CPU = Release|Any CPU
	EndGlobalSection
	GlobalSection(ProjectConfigurationPlatforms) = postSolution
		{769F88AC-8572-484A-99D9-920F80090C9B}.Debug|Any CPU.ActiveCfg = Debug|Any CPU
		{769F88AC-8572-484A-99D9-920F80090C9B}.Debug|Any CPU.Build.0 = Debug|Any CPU
		{769F88AC-8572-484A-99D9-920F80090C9B}.Release|Any CPU.ActiveCfg = Release|Any CPU
		{769F88AC-8572-484A-99D9-920F80090C9B}.Release|Any CPU.Build.0 = Release|Any CPU
		{AF923B6D-5E42-415F-8099-869163F59CB8}.Debug|Any CPU.ActiveCfg = Debug|Any CPU
		{AF923B6D-5E42-415F-8099-869163F59CB8}.Debug|Any CPU.Build.0 = Debug|Any CPU
		{AF923B6D-5E42-415F-8099-869163F59CB8}.Release|Any CPU.ActiveCfg = Release|Any CPU
		{AF923B6D-5E42-415F-8099-869163F59CB8}.Release|Any CPU.Build.0 = Release|Any CPU
		{0038EB8F-20D5-4045-8D53-3202ECBC1B25}.Debug|Any CPU.ActiveCfg = Debug|Any CPU
		{0038EB8F-20D5-4045-8D53-3202ECBC1B25}.Debug|Any CPU.Build.0 = Debug|Any CPU
		{0038EB8F-20D5-4045-8D53-3202ECBC1B25}.Release|Any CPU.ActiveCfg = Release|Any CPU
		{0038EB8F-20D5-4045-8D53-3202ECBC1B25}.Release|Any CPU.Build.0 = Release|Any CPU
		{4CEFDDDD-9544-45A2-B9DF-F9A9E4568EE7}.Debug|Any CPU.ActiveCfg = Debug|Any CPU
		{4CEFDDDD-9544-45A2-B9DF-F9A9E4568EE7}.Debug|Any CPU.Build.0 = Debug|Any CPU
		{4CEFDDDD-9544-45A2-B9DF-F9A9E4568EE7}.Release|Any CPU.ActiveCfg = Release|Any CPU
		{4CEFDDDD-9544-45A2-B9DF-F9A9E4568EE7}.Release|Any CPU.Build.0 = Release|Any CPU
		{6C4A8820-E1AF-4814-99A8-4B5C495EB2F8}.Debug|Any CPU.ActiveCfg = Debug|Any CPU
		{6C4A8820-E1AF-4814-99A8-4B5C495EB2F8}.Debug|Any CPU.Build.0 = Debug|Any CPU
		{6C4A8820-E1AF-4814-99A8-4B5C495EB2F8}.Release|Any CPU.ActiveCfg = Release|Any CPU
		{6C4A8820-E1AF-4814-99A8-4B5C495EB2F8}.Release|Any CPU.Build.0 = Release|Any CPU
		{8AD0E548-49E2-4983-8FE8-C74F2417259B}.Debug|Any CPU.ActiveCfg = Debug|Any CPU
		{8AD0E548-49E2-4983-8FE8-C74F2417259B}.Debug|Any CPU.Build.0 = Debug|Any CPU
		{8AD0E548-49E2-4983-8FE8-C74F2417259B}.Release|Any CPU.ActiveCfg = Release|Any CPU
		{8AD0E548-49E2-4983-8FE8-C74F2417259B}.Release|Any CPU.Build.0 = Release|Any CPU
	EndGlobalSection
	GlobalSection(SolutionProperties) = preSolution
		HideSolutionNode = FALSE
	EndGlobalSection
	GlobalSection(ExtensibilityGlobals) = postSolution
		SolutionGuid = {76F6DD32-F752-4994-AB52-CFEF24C32E1E}
	EndGlobalSection
EndGlobal
